// !$*UTF8*$!
{
	archiveVersion = 1;
	classes = {
	};
	objectVersion = 55;
	objects = {

/* Begin PBXBuildFile section */
		11A62EC127DACF4B00005559 /* AppDelegate.swift in Sources */ = {isa = PBXBuildFile; fileRef = 11A62EC027DACF4B00005559 /* AppDelegate.swift */; };
		11A62EC327DACF4B00005559 /* SceneDelegate.swift in Sources */ = {isa = PBXBuildFile; fileRef = 11A62EC227DACF4B00005559 /* SceneDelegate.swift */; };
		11A62EC527DACF4B00005559 /* ViewController.swift in Sources */ = {isa = PBXBuildFile; fileRef = 11A62EC427DACF4B00005559 /* ViewController.swift */; };
		11A62ECA27DACF4B00005559 /* Assets.xcassets in Resources */ = {isa = PBXBuildFile; fileRef = 11A62EC927DACF4B00005559 /* Assets.xcassets */; };
		11A62ECD27DACF4B00005559 /* LaunchScreen.storyboard in Resources */ = {isa = PBXBuildFile; fileRef = 11A62ECB27DACF4B00005559 /* LaunchScreen.storyboard */; };
		11A62ED827DACF4C00005559 /* Carfax_tech_assessmentTests.swift in Sources */ = {isa = PBXBuildFile; fileRef = 11A62ED727DACF4C00005559 /* Carfax_tech_assessmentTests.swift */; };
		11A62EE227DACF4C00005559 /* Carfax_tech_assessmentUITests.swift in Sources */ = {isa = PBXBuildFile; fileRef = 11A62EE127DACF4C00005559 /* Carfax_tech_assessmentUITests.swift */; };
		11A62EE427DACF4C00005559 /* Carfax_tech_assessmentUITestsLaunchTests.swift in Sources */ = {isa = PBXBuildFile; fileRef = 11A62EE327DACF4C00005559 /* Carfax_tech_assessmentUITestsLaunchTests.swift */; };
		11A62EF127DAD58200005559 /* CarListingCell.swift in Sources */ = {isa = PBXBuildFile; fileRef = 11A62EF027DAD58200005559 /* CarListingCell.swift */; };
		11A62EF727DC124200005559 /* CarListingCell+Helper.swift in Sources */ = {isa = PBXBuildFile; fileRef = 11A62EF627DC124200005559 /* CarListingCell+Helper.swift */; };
		11A62EF927DC208000005559 /* NetworkingController.swift in Sources */ = {isa = PBXBuildFile; fileRef = 11A62EF827DC208000005559 /* NetworkingController.swift */; };
		11A62EFB27DC20D900005559 /* Listing.swift in Sources */ = {isa = PBXBuildFile; fileRef = 11A62EFA27DC20D900005559 /* Listing.swift */; };
		11A62EFD27DC614C00005559 /* ListingContainer.swift in Sources */ = {isa = PBXBuildFile; fileRef = 11A62EFC27DC614C00005559 /* ListingContainer.swift */; };
		11F8C5FE27DF078100EF6EC9 /* HTTPMethod+Errors.swift in Sources */ = {isa = PBXBuildFile; fileRef = 11F8C5FD27DF078100EF6EC9 /* HTTPMethod+Errors.swift */; };
		11F8C60027DF07F000EF6EC9 /* NetworkRequest.swift in Sources */ = {isa = PBXBuildFile; fileRef = 11F8C5FF27DF07F000EF6EC9 /* NetworkRequest.swift */; };
		11F8C60427DF2B1500EF6EC9 /* NetworkDataLoader.swift in Sources */ = {isa = PBXBuildFile; fileRef = 11F8C60327DF2B1500EF6EC9 /* NetworkDataLoader.swift */; };
		11F8C60627DF2E0E00EF6EC9 /* MockDataLoader.swift in Sources */ = {isa = PBXBuildFile; fileRef = 11F8C60527DF2E0E00EF6EC9 /* MockDataLoader.swift */; };
		11F8C60827DF34ED00EF6EC9 /* TestJSON.swift in Sources */ = {isa = PBXBuildFile; fileRef = 11F8C60727DF34ED00EF6EC9 /* TestJSON.swift */; };
		11F8C60A27DF364200EF6EC9 /* BaseURL.swift in Sources */ = {isa = PBXBuildFile; fileRef = 11F8C60927DF364200EF6EC9 /* BaseURL.swift */; };
/* End PBXBuildFile section */

/* Begin PBXContainerItemProxy section */
		11A62ED427DACF4C00005559 /* PBXContainerItemProxy */ = {
			isa = PBXContainerItemProxy;
			containerPortal = 11A62EB527DACF4B00005559 /* Project object */;
			proxyType = 1;
			remoteGlobalIDString = 11A62EBC27DACF4B00005559;
			remoteInfo = "Carfax-tech-assessment";
		};
		11A62EDE27DACF4C00005559 /* PBXContainerItemProxy */ = {
			isa = PBXContainerItemProxy;
			containerPortal = 11A62EB527DACF4B00005559 /* Project object */;
			proxyType = 1;
			remoteGlobalIDString = 11A62EBC27DACF4B00005559;
			remoteInfo = "Carfax-tech-assessment";
		};
/* End PBXContainerItemProxy section */

/* Begin PBXFileReference section */
		11A62EBD27DACF4B00005559 /* Carfax-tech-assessment.app */ = {isa = PBXFileReference; explicitFileType = wrapper.application; includeInIndex = 0; path = "Carfax-tech-assessment.app"; sourceTree = BUILT_PRODUCTS_DIR; };
		11A62EC027DACF4B00005559 /* AppDelegate.swift */ = {isa = PBXFileReference; lastKnownFileType = sourcecode.swift; path = AppDelegate.swift; sourceTree = "<group>"; };
		11A62EC227DACF4B00005559 /* SceneDelegate.swift */ = {isa = PBXFileReference; lastKnownFileType = sourcecode.swift; path = SceneDelegate.swift; sourceTree = "<group>"; };
		11A62EC427DACF4B00005559 /* ViewController.swift */ = {isa = PBXFileReference; lastKnownFileType = sourcecode.swift; path = ViewController.swift; sourceTree = "<group>"; };
		11A62EC927DACF4B00005559 /* Assets.xcassets */ = {isa = PBXFileReference; lastKnownFileType = folder.assetcatalog; path = Assets.xcassets; sourceTree = "<group>"; };
		11A62ECC27DACF4B00005559 /* Base */ = {isa = PBXFileReference; lastKnownFileType = file.storyboard; name = Base; path = Base.lproj/LaunchScreen.storyboard; sourceTree = "<group>"; };
		11A62ECE27DACF4B00005559 /* Info.plist */ = {isa = PBXFileReference; lastKnownFileType = text.plist.xml; path = Info.plist; sourceTree = "<group>"; };
		11A62ED327DACF4C00005559 /* Carfax-tech-assessmentTests.xctest */ = {isa = PBXFileReference; explicitFileType = wrapper.cfbundle; includeInIndex = 0; path = "Carfax-tech-assessmentTests.xctest"; sourceTree = BUILT_PRODUCTS_DIR; };
		11A62ED727DACF4C00005559 /* Carfax_tech_assessmentTests.swift */ = {isa = PBXFileReference; lastKnownFileType = sourcecode.swift; path = Carfax_tech_assessmentTests.swift; sourceTree = "<group>"; };
		11A62EDD27DACF4C00005559 /* Carfax-tech-assessmentUITests.xctest */ = {isa = PBXFileReference; explicitFileType = wrapper.cfbundle; includeInIndex = 0; path = "Carfax-tech-assessmentUITests.xctest"; sourceTree = BUILT_PRODUCTS_DIR; };
		11A62EE127DACF4C00005559 /* Carfax_tech_assessmentUITests.swift */ = {isa = PBXFileReference; lastKnownFileType = sourcecode.swift; path = Carfax_tech_assessmentUITests.swift; sourceTree = "<group>"; };
		11A62EE327DACF4C00005559 /* Carfax_tech_assessmentUITestsLaunchTests.swift */ = {isa = PBXFileReference; lastKnownFileType = sourcecode.swift; path = Carfax_tech_assessmentUITestsLaunchTests.swift; sourceTree = "<group>"; };
		11A62EF027DAD58200005559 /* CarListingCell.swift */ = {isa = PBXFileReference; lastKnownFileType = sourcecode.swift; path = CarListingCell.swift; sourceTree = "<group>"; };
		11A62EF627DC124200005559 /* CarListingCell+Helper.swift */ = {isa = PBXFileReference; lastKnownFileType = sourcecode.swift; path = "CarListingCell+Helper.swift"; sourceTree = "<group>"; };
		11A62EF827DC208000005559 /* NetworkingController.swift */ = {isa = PBXFileReference; lastKnownFileType = sourcecode.swift; path = NetworkingController.swift; sourceTree = "<group>"; };
		11A62EFA27DC20D900005559 /* Listing.swift */ = {isa = PBXFileReference; lastKnownFileType = sourcecode.swift; path = Listing.swift; sourceTree = "<group>"; };
		11A62EFC27DC614C00005559 /* ListingContainer.swift */ = {isa = PBXFileReference; lastKnownFileType = sourcecode.swift; path = ListingContainer.swift; sourceTree = "<group>"; };
		11F8C5FD27DF078100EF6EC9 /* HTTPMethod+Errors.swift */ = {isa = PBXFileReference; lastKnownFileType = sourcecode.swift; path = "HTTPMethod+Errors.swift"; sourceTree = "<group>"; };
		11F8C5FF27DF07F000EF6EC9 /* NetworkRequest.swift */ = {isa = PBXFileReference; lastKnownFileType = sourcecode.swift; path = NetworkRequest.swift; sourceTree = "<group>"; };
		11F8C60327DF2B1500EF6EC9 /* NetworkDataLoader.swift */ = {isa = PBXFileReference; lastKnownFileType = sourcecode.swift; path = NetworkDataLoader.swift; sourceTree = "<group>"; };
		11F8C60527DF2E0E00EF6EC9 /* MockDataLoader.swift */ = {isa = PBXFileReference; lastKnownFileType = sourcecode.swift; path = MockDataLoader.swift; sourceTree = "<group>"; };
		11F8C60727DF34ED00EF6EC9 /* TestJSON.swift */ = {isa = PBXFileReference; lastKnownFileType = sourcecode.swift; path = TestJSON.swift; sourceTree = "<group>"; };
		11F8C60927DF364200EF6EC9 /* BaseURL.swift */ = {isa = PBXFileReference; lastKnownFileType = sourcecode.swift; path = BaseURL.swift; sourceTree = "<group>"; };
/* End PBXFileReference section */

/* Begin PBXFrameworksBuildPhase section */
		11A62EBA27DACF4B00005559 /* Frameworks */ = {
			isa = PBXFrameworksBuildPhase;
			buildActionMask = 2147483647;
			files = (
			);
			runOnlyForDeploymentPostprocessing = 0;
		};
		11A62ED027DACF4C00005559 /* Frameworks */ = {
			isa = PBXFrameworksBuildPhase;
			buildActionMask = 2147483647;
			files = (
			);
			runOnlyForDeploymentPostprocessing = 0;
		};
		11A62EDA27DACF4C00005559 /* Frameworks */ = {
			isa = PBXFrameworksBuildPhase;
			buildActionMask = 2147483647;
			files = (
			);
			runOnlyForDeploymentPostprocessing = 0;
		};
/* End PBXFrameworksBuildPhase section */

/* Begin PBXGroup section */
		11A62EB427DACF4B00005559 = {
			isa = PBXGroup;
			children = (
				11A62EBF27DACF4B00005559 /* Carfax-tech-assessment */,
				11A62ED627DACF4C00005559 /* Carfax-tech-assessmentTests */,
				11A62EE027DACF4C00005559 /* Carfax-tech-assessmentUITests */,
				11A62EBE27DACF4B00005559 /* Products */,
			);
			sourceTree = "<group>";
		};
		11A62EBE27DACF4B00005559 /* Products */ = {
			isa = PBXGroup;
			children = (
				11A62EBD27DACF4B00005559 /* Carfax-tech-assessment.app */,
				11A62ED327DACF4C00005559 /* Carfax-tech-assessmentTests.xctest */,
				11A62EDD27DACF4C00005559 /* Carfax-tech-assessmentUITests.xctest */,
			);
			name = Products;
			sourceTree = "<group>";
		};
		11A62EBF27DACF4B00005559 /* Carfax-tech-assessment */ = {
			isa = PBXGroup;
			children = (
				11A62EC027DACF4B00005559 /* AppDelegate.swift */,
				11A62EC227DACF4B00005559 /* SceneDelegate.swift */,
				11A62EC427DACF4B00005559 /* ViewController.swift */,
				11A62EF027DAD58200005559 /* CarListingCell.swift */,
				11A62EF627DC124200005559 /* CarListingCell+Helper.swift */,
				11A62EC927DACF4B00005559 /* Assets.xcassets */,
				11A62ECB27DACF4B00005559 /* LaunchScreen.storyboard */,
				11A62ECE27DACF4B00005559 /* Info.plist */,
				11A62EF827DC208000005559 /* NetworkingController.swift */,
				11F8C5FD27DF078100EF6EC9 /* HTTPMethod+Errors.swift */,
				11F8C5FF27DF07F000EF6EC9 /* NetworkRequest.swift */,
				11A62EFA27DC20D900005559 /* Listing.swift */,
				11A62EFC27DC614C00005559 /* ListingContainer.swift */,
				11F8C60327DF2B1500EF6EC9 /* NetworkDataLoader.swift */,
				11F8C60927DF364200EF6EC9 /* BaseURL.swift */,
			);
			path = "Carfax-tech-assessment";
			sourceTree = "<group>";
		};
		11A62ED627DACF4C00005559 /* Carfax-tech-assessmentTests */ = {
			isa = PBXGroup;
			children = (
				11A62ED727DACF4C00005559 /* Carfax_tech_assessmentTests.swift */,
				11F8C60527DF2E0E00EF6EC9 /* MockDataLoader.swift */,
				11F8C60727DF34ED00EF6EC9 /* TestJSON.swift */,
			);
			path = "Carfax-tech-assessmentTests";
			sourceTree = "<group>";
		};
		11A62EE027DACF4C00005559 /* Carfax-tech-assessmentUITests */ = {
			isa = PBXGroup;
			children = (
				11A62EE127DACF4C00005559 /* Carfax_tech_assessmentUITests.swift */,
				11A62EE327DACF4C00005559 /* Carfax_tech_assessmentUITestsLaunchTests.swift */,
			);
			path = "Carfax-tech-assessmentUITests";
			sourceTree = "<group>";
		};
/* End PBXGroup section */

/* Begin PBXNativeTarget section */
		11A62EBC27DACF4B00005559 /* Carfax-tech-assessment */ = {
			isa = PBXNativeTarget;
			buildConfigurationList = 11A62EE727DACF4C00005559 /* Build configuration list for PBXNativeTarget "Carfax-tech-assessment" */;
			buildPhases = (
				11A62EB927DACF4B00005559 /* Sources */,
				11A62EBA27DACF4B00005559 /* Frameworks */,
				11A62EBB27DACF4B00005559 /* Resources */,
			);
			buildRules = (
			);
			dependencies = (
			);
			name = "Carfax-tech-assessment";
			productName = "Carfax-tech-assessment";
			productReference = 11A62EBD27DACF4B00005559 /* Carfax-tech-assessment.app */;
			productType = "com.apple.product-type.application";
		};
		11A62ED227DACF4C00005559 /* Carfax-tech-assessmentTests */ = {
			isa = PBXNativeTarget;
			buildConfigurationList = 11A62EEA27DACF4C00005559 /* Build configuration list for PBXNativeTarget "Carfax-tech-assessmentTests" */;
			buildPhases = (
				11A62ECF27DACF4C00005559 /* Sources */,
				11A62ED027DACF4C00005559 /* Frameworks */,
				11A62ED127DACF4C00005559 /* Resources */,
			);
			buildRules = (
			);
			dependencies = (
				11A62ED527DACF4C00005559 /* PBXTargetDependency */,
			);
			name = "Carfax-tech-assessmentTests";
			productName = "Carfax-tech-assessmentTests";
			productReference = 11A62ED327DACF4C00005559 /* Carfax-tech-assessmentTests.xctest */;
			productType = "com.apple.product-type.bundle.unit-test";
		};
		11A62EDC27DACF4C00005559 /* Carfax-tech-assessmentUITests */ = {
			isa = PBXNativeTarget;
			buildConfigurationList = 11A62EED27DACF4C00005559 /* Build configuration list for PBXNativeTarget "Carfax-tech-assessmentUITests" */;
			buildPhases = (
				11A62ED927DACF4C00005559 /* Sources */,
				11A62EDA27DACF4C00005559 /* Frameworks */,
				11A62EDB27DACF4C00005559 /* Resources */,
			);
			buildRules = (
			);
			dependencies = (
				11A62EDF27DACF4C00005559 /* PBXTargetDependency */,
			);
			name = "Carfax-tech-assessmentUITests";
			productName = "Carfax-tech-assessmentUITests";
			productReference = 11A62EDD27DACF4C00005559 /* Carfax-tech-assessmentUITests.xctest */;
			productType = "com.apple.product-type.bundle.ui-testing";
		};
/* End PBXNativeTarget section */

/* Begin PBXProject section */
		11A62EB527DACF4B00005559 /* Project object */ = {
			isa = PBXProject;
			attributes = {
				BuildIndependentTargetsInParallel = 1;
				LastSwiftUpdateCheck = 1320;
				LastUpgradeCheck = 1320;
				TargetAttributes = {
					11A62EBC27DACF4B00005559 = {
						CreatedOnToolsVersion = 13.2;
					};
					11A62ED227DACF4C00005559 = {
						CreatedOnToolsVersion = 13.2;
						TestTargetID = 11A62EBC27DACF4B00005559;
					};
					11A62EDC27DACF4C00005559 = {
						CreatedOnToolsVersion = 13.2;
						TestTargetID = 11A62EBC27DACF4B00005559;
					};
				};
			};
			buildConfigurationList = 11A62EB827DACF4B00005559 /* Build configuration list for PBXProject "Carfax-tech-assessment" */;
			compatibilityVersion = "Xcode 13.0";
			developmentRegion = en;
			hasScannedForEncodings = 0;
			knownRegions = (
				en,
				Base,
			);
			mainGroup = 11A62EB427DACF4B00005559;
			productRefGroup = 11A62EBE27DACF4B00005559 /* Products */;
			projectDirPath = "";
			projectRoot = "";
			targets = (
				11A62EBC27DACF4B00005559 /* Carfax-tech-assessment */,
				11A62ED227DACF4C00005559 /* Carfax-tech-assessmentTests */,
				11A62EDC27DACF4C00005559 /* Carfax-tech-assessmentUITests */,
			);
		};
/* End PBXProject section */

/* Begin PBXResourcesBuildPhase section */
		11A62EBB27DACF4B00005559 /* Resources */ = {
			isa = PBXResourcesBuildPhase;
			buildActionMask = 2147483647;
			files = (
				11A62ECD27DACF4B00005559 /* LaunchScreen.storyboard in Resources */,
				11A62ECA27DACF4B00005559 /* Assets.xcassets in Resources */,
			);
			runOnlyForDeploymentPostprocessing = 0;
		};
		11A62ED127DACF4C00005559 /* Resources */ = {
			isa = PBXResourcesBuildPhase;
			buildActionMask = 2147483647;
			files = (
			);
			runOnlyForDeploymentPostprocessing = 0;
		};
		11A62EDB27DACF4C00005559 /* Resources */ = {
			isa = PBXResourcesBuildPhase;
			buildActionMask = 2147483647;
			files = (
			);
			runOnlyForDeploymentPostprocessing = 0;
		};
/* End PBXResourcesBuildPhase section */

/* Begin PBXSourcesBuildPhase section */
		11A62EB927DACF4B00005559 /* Sources */ = {
			isa = PBXSourcesBuildPhase;
			buildActionMask = 2147483647;
			files = (
				11A62EC527DACF4B00005559 /* ViewController.swift in Sources */,
				11A62EFB27DC20D900005559 /* Listing.swift in Sources */,
				11F8C60A27DF364200EF6EC9 /* BaseURL.swift in Sources */,
				11F8C60427DF2B1500EF6EC9 /* NetworkDataLoader.swift in Sources */,
				11A62EC127DACF4B00005559 /* AppDelegate.swift in Sources */,
				11A62EC327DACF4B00005559 /* SceneDelegate.swift in Sources */,
				11F8C60027DF07F000EF6EC9 /* NetworkRequest.swift in Sources */,
				11A62EF927DC208000005559 /* NetworkingController.swift in Sources */,
				11F8C5FE27DF078100EF6EC9 /* HTTPMethod+Errors.swift in Sources */,
				11A62EF127DAD58200005559 /* CarListingCell.swift in Sources */,
				11A62EFD27DC614C00005559 /* ListingContainer.swift in Sources */,
				11A62EF727DC124200005559 /* CarListingCell+Helper.swift in Sources */,
			);
			runOnlyForDeploymentPostprocessing = 0;
		};
		11A62ECF27DACF4C00005559 /* Sources */ = {
			isa = PBXSourcesBuildPhase;
			buildActionMask = 2147483647;
			files = (
				11F8C60627DF2E0E00EF6EC9 /* MockDataLoader.swift in Sources */,
				11A62ED827DACF4C00005559 /* Carfax_tech_assessmentTests.swift in Sources */,
				11F8C60827DF34ED00EF6EC9 /* TestJSON.swift in Sources */,
			);
			runOnlyForDeploymentPostprocessing = 0;
		};
		11A62ED927DACF4C00005559 /* Sources */ = {
			isa = PBXSourcesBuildPhase;
			buildActionMask = 2147483647;
			files = (
				11A62EE227DACF4C00005559 /* Carfax_tech_assessmentUITests.swift in Sources */,
				11A62EE427DACF4C00005559 /* Carfax_tech_assessmentUITestsLaunchTests.swift in Sources */,
			);
			runOnlyForDeploymentPostprocessing = 0;
		};
/* End PBXSourcesBuildPhase section */

/* Begin PBXTargetDependency section */
		11A62ED527DACF4C00005559 /* PBXTargetDependency */ = {
			isa = PBXTargetDependency;
			target = 11A62EBC27DACF4B00005559 /* Carfax-tech-assessment */;
			targetProxy = 11A62ED427DACF4C00005559 /* PBXContainerItemProxy */;
		};
		11A62EDF27DACF4C00005559 /* PBXTargetDependency */ = {
			isa = PBXTargetDependency;
			target = 11A62EBC27DACF4B00005559 /* Carfax-tech-assessment */;
			targetProxy = 11A62EDE27DACF4C00005559 /* PBXContainerItemProxy */;
		};
/* End PBXTargetDependency section */

/* Begin PBXVariantGroup section */
		11A62ECB27DACF4B00005559 /* LaunchScreen.storyboard */ = {
			isa = PBXVariantGroup;
			children = (
				11A62ECC27DACF4B00005559 /* Base */,
			);
			name = LaunchScreen.storyboard;
			sourceTree = "<group>";
		};
/* End PBXVariantGroup section */

/* Begin XCBuildConfiguration section */
		11A62EE527DACF4C00005559 /* Debug */ = {
			isa = XCBuildConfiguration;
			buildSettings = {
				ALWAYS_SEARCH_USER_PATHS = NO;
				CLANG_ANALYZER_NONNULL = YES;
				CLANG_ANALYZER_NUMBER_OBJECT_CONVERSION = YES_AGGRESSIVE;
				CLANG_CXX_LANGUAGE_STANDARD = "gnu++17";
				CLANG_CXX_LIBRARY = "libc++";
				CLANG_ENABLE_MODULES = YES;
				CLANG_ENABLE_OBJC_ARC = YES;
				CLANG_ENABLE_OBJC_WEAK = YES;
				CLANG_WARN_BLOCK_CAPTURE_AUTORELEASING = YES;
				CLANG_WARN_BOOL_CONVERSION = YES;
				CLANG_WARN_COMMA = YES;
				CLANG_WARN_CONSTANT_CONVERSION = YES;
				CLANG_WARN_DEPRECATED_OBJC_IMPLEMENTATIONS = YES;
				CLANG_WARN_DIRECT_OBJC_ISA_USAGE = YES_ERROR;
				CLANG_WARN_DOCUMENTATION_COMMENTS = YES;
				CLANG_WARN_EMPTY_BODY = YES;
				CLANG_WARN_ENUM_CONVERSION = YES;
				CLANG_WARN_INFINITE_RECURSION = YES;
				CLANG_WARN_INT_CONVERSION = YES;
				CLANG_WARN_NON_LITERAL_NULL_CONVERSION = YES;
				CLANG_WARN_OBJC_IMPLICIT_RETAIN_SELF = YES;
				CLANG_WARN_OBJC_LITERAL_CONVERSION = YES;
				CLANG_WARN_OBJC_ROOT_CLASS = YES_ERROR;
				CLANG_WARN_QUOTED_INCLUDE_IN_FRAMEWORK_HEADER = YES;
				CLANG_WARN_RANGE_LOOP_ANALYSIS = YES;
				CLANG_WARN_STRICT_PROTOTYPES = YES;
				CLANG_WARN_SUSPICIOUS_MOVE = YES;
				CLANG_WARN_UNGUARDED_AVAILABILITY = YES_AGGRESSIVE;
				CLANG_WARN_UNREACHABLE_CODE = YES;
				CLANG_WARN__DUPLICATE_METHOD_MATCH = YES;
				COPY_PHASE_STRIP = NO;
				DEBUG_INFORMATION_FORMAT = dwarf;
				ENABLE_STRICT_OBJC_MSGSEND = YES;
				ENABLE_TESTABILITY = YES;
				GCC_C_LANGUAGE_STANDARD = gnu11;
				GCC_DYNAMIC_NO_PIC = NO;
				GCC_NO_COMMON_BLOCKS = YES;
				GCC_OPTIMIZATION_LEVEL = 0;
				GCC_PREPROCESSOR_DEFINITIONS = (
					"DEBUG=1",
					"$(inherited)",
				);
				GCC_WARN_64_TO_32_BIT_CONVERSION = YES;
				GCC_WARN_ABOUT_RETURN_TYPE = YES_ERROR;
				GCC_WARN_UNDECLARED_SELECTOR = YES;
				GCC_WARN_UNINITIALIZED_AUTOS = YES_AGGRESSIVE;
				GCC_WARN_UNUSED_FUNCTION = YES;
				GCC_WARN_UNUSED_VARIABLE = YES;
				IPHONEOS_DEPLOYMENT_TARGET = 15.2;
				MTL_ENABLE_DEBUG_INFO = INCLUDE_SOURCE;
				MTL_FAST_MATH = YES;
				ONLY_ACTIVE_ARCH = YES;
				SDKROOT = iphoneos;
				SWIFT_ACTIVE_COMPILATION_CONDITIONS = DEBUG;
				SWIFT_OPTIMIZATION_LEVEL = "-Onone";
			};
			name = Debug;
		};
		11A62EE627DACF4C00005559 /* Release */ = {
			isa = XCBuildConfiguration;
			buildSettings = {
				ALWAYS_SEARCH_USER_PATHS = NO;
				CLANG_ANALYZER_NONNULL = YES;
				CLANG_ANALYZER_NUMBER_OBJECT_CONVERSION = YES_AGGRESSIVE;
				CLANG_CXX_LANGUAGE_STANDARD = "gnu++17";
				CLANG_CXX_LIBRARY = "libc++";
				CLANG_ENABLE_MODULES = YES;
				CLANG_ENABLE_OBJC_ARC = YES;
				CLANG_ENABLE_OBJC_WEAK = YES;
				CLANG_WARN_BLOCK_CAPTURE_AUTORELEASING = YES;
				CLANG_WARN_BOOL_CONVERSION = YES;
				CLANG_WARN_COMMA = YES;
				CLANG_WARN_CONSTANT_CONVERSION = YES;
				CLANG_WARN_DEPRECATED_OBJC_IMPLEMENTATIONS = YES;
				CLANG_WARN_DIRECT_OBJC_ISA_USAGE = YES_ERROR;
				CLANG_WARN_DOCUMENTATION_COMMENTS = YES;
				CLANG_WARN_EMPTY_BODY = YES;
				CLANG_WARN_ENUM_CONVERSION = YES;
				CLANG_WARN_INFINITE_RECURSION = YES;
				CLANG_WARN_INT_CONVERSION = YES;
				CLANG_WARN_NON_LITERAL_NULL_CONVERSION = YES;
				CLANG_WARN_OBJC_IMPLICIT_RETAIN_SELF = YES;
				CLANG_WARN_OBJC_LITERAL_CONVERSION = YES;
				CLANG_WARN_OBJC_ROOT_CLASS = YES_ERROR;
				CLANG_WARN_QUOTED_INCLUDE_IN_FRAMEWORK_HEADER = YES;
				CLANG_WARN_RANGE_LOOP_ANALYSIS = YES;
				CLANG_WARN_STRICT_PROTOTYPES = YES;
				CLANG_WARN_SUSPICIOUS_MOVE = YES;
				CLANG_WARN_UNGUARDED_AVAILABILITY = YES_AGGRESSIVE;
				CLANG_WARN_UNREACHABLE_CODE = YES;
				CLANG_WARN__DUPLICATE_METHOD_MATCH = YES;
				COPY_PHASE_STRIP = NO;
				DEBUG_INFORMATION_FORMAT = "dwarf-with-dsym";
				ENABLE_NS_ASSERTIONS = NO;
				ENABLE_STRICT_OBJC_MSGSEND = YES;
				GCC_C_LANGUAGE_STANDARD = gnu11;
				GCC_NO_COMMON_BLOCKS = YES;
				GCC_WARN_64_TO_32_BIT_CONVERSION = YES;
				GCC_WARN_ABOUT_RETURN_TYPE = YES_ERROR;
				GCC_WARN_UNDECLARED_SELECTOR = YES;
				GCC_WARN_UNINITIALIZED_AUTOS = YES_AGGRESSIVE;
				GCC_WARN_UNUSED_FUNCTION = YES;
				GCC_WARN_UNUSED_VARIABLE = YES;
				IPHONEOS_DEPLOYMENT_TARGET = 15.2;
				MTL_ENABLE_DEBUG_INFO = NO;
				MTL_FAST_MATH = YES;
				SDKROOT = iphoneos;
				SWIFT_COMPILATION_MODE = wholemodule;
				SWIFT_OPTIMIZATION_LEVEL = "-O";
				VALIDATE_PRODUCT = YES;
			};
			name = Release;
		};
		11A62EE827DACF4C00005559 /* Debug */ = {
			isa = XCBuildConfiguration;
			buildSettings = {
				ASSETCATALOG_COMPILER_APPICON_NAME = AppIcon;
				ASSETCATALOG_COMPILER_GLOBAL_ACCENT_COLOR_NAME = AccentColor;
				CODE_SIGN_STYLE = Automatic;
				CURRENT_PROJECT_VERSION = 1;
				DEVELOPMENT_TEAM = TX86F6EBCJ;
				GENERATE_INFOPLIST_FILE = YES;
				INFOPLIST_FILE = "Carfax-tech-assessment/Info.plist";
				INFOPLIST_KEY_UIApplicationSupportsIndirectInputEvents = YES;
				INFOPLIST_KEY_UILaunchStoryboardName = LaunchScreen;
				INFOPLIST_KEY_UISupportedInterfaceOrientations_iPad = "UIInterfaceOrientationPortrait UIInterfaceOrientationPortraitUpsideDown UIInterfaceOrientationLandscapeLeft UIInterfaceOrientationLandscapeRight";
				INFOPLIST_KEY_UISupportedInterfaceOrientations_iPhone = "UIInterfaceOrientationPortrait UIInterfaceOrientationLandscapeLeft UIInterfaceOrientationLandscapeRight";
				LD_RUNPATH_SEARCH_PATHS = (
					"$(inherited)",
					"@executable_path/Frameworks",
				);
				MARKETING_VERSION = 1.0;
				PRODUCT_BUNDLE_IDENTIFIER = "ManMadeMillenial.Carfax-tech-assessment";
				PRODUCT_NAME = "$(TARGET_NAME)";
				SWIFT_EMIT_LOC_STRINGS = YES;
				SWIFT_VERSION = 5.0;
				TARGETED_DEVICE_FAMILY = "1,2";
			};
			name = Debug;
		};
		11A62EE927DACF4C00005559 /* Release */ = {
			isa = XCBuildConfiguration;
			buildSettings = {
				ASSETCATALOG_COMPILER_APPICON_NAME = AppIcon;
				ASSETCATALOG_COMPILER_GLOBAL_ACCENT_COLOR_NAME = AccentColor;
				CODE_SIGN_STYLE = Automatic;
				CURRENT_PROJECT_VERSION = 1;
				DEVELOPMENT_TEAM = TX86F6EBCJ;
				GENERATE_INFOPLIST_FILE = YES;
				INFOPLIST_FILE = "Carfax-tech-assessment/Info.plist";
				INFOPLIST_KEY_UIApplicationSupportsIndirectInputEvents = YES;
				INFOPLIST_KEY_UILaunchStoryboardName = LaunchScreen;
				INFOPLIST_KEY_UISupportedInterfaceOrientations_iPad = "UIInterfaceOrientationPortrait UIInterfaceOrientationPortraitUpsideDown UIInterfaceOrientationLandscapeLeft UIInterfaceOrientationLandscapeRight";
				INFOPLIST_KEY_UISupportedInterfaceOrientations_iPhone = "UIInterfaceOrientationPortrait UIInterfaceOrientationLandscapeLeft UIInterfaceOrientationLandscapeRight";
				LD_RUNPATH_SEARCH_PATHS = (
					"$(inherited)",
					"@executable_path/Frameworks",
				);
				MARKETING_VERSION = 1.0;
				PRODUCT_BUNDLE_IDENTIFIER = "ManMadeMillenial.Carfax-tech-assessment";
				PRODUCT_NAME = "$(TARGET_NAME)";
				SWIFT_EMIT_LOC_STRINGS = YES;
				SWIFT_VERSION = 5.0;
				TARGETED_DEVICE_FAMILY = "1,2";
			};
			name = Release;
		};
		11A62EEB27DACF4C00005559 /* Debug */ = {
			isa = XCBuildConfiguration;
			buildSettings = {
				ALWAYS_EMBED_SWIFT_STANDARD_LIBRARIES = YES;
				BUNDLE_LOADER = "$(TEST_HOST)";
				CODE_SIGN_STYLE = Automatic;
				CURRENT_PROJECT_VERSION = 1;
				DEVELOPMENT_TEAM = TX86F6EBCJ;
				GENERATE_INFOPLIST_FILE = YES;
				IPHONEOS_DEPLOYMENT_TARGET = 15.2;
				MARKETING_VERSION = 1.0;
				PRODUCT_BUNDLE_IDENTIFIER = "ManMadeMillenial.Carfax-tech-assessmentTests";
				PRODUCT_NAME = "$(TARGET_NAME)";
				SWIFT_EMIT_LOC_STRINGS = NO;
				SWIFT_VERSION = 5.0;
				TARGETED_DEVICE_FAMILY = "1,2";
				TEST_HOST = "$(BUILT_PRODUCTS_DIR)/Carfax-tech-assessment.app/Carfax-tech-assessment";
			};
			name = Debug;
		};
		11A62EEC27DACF4C00005559 /* Release */ = {
			isa = XCBuildConfiguration;
			buildSettings = {
				ALWAYS_EMBED_SWIFT_STANDARD_LIBRARIES = YES;
				BUNDLE_LOADER = "$(TEST_HOST)";
				CODE_SIGN_STYLE = Automatic;
				CURRENT_PROJECT_VERSION = 1;
				DEVELOPMENT_TEAM = TX86F6EBCJ;
				GENERATE_INFOPLIST_FILE = YES;
				IPHONEOS_DEPLOYMENT_TARGET = 15.2;
				MARKETING_VERSION = 1.0;
				PRODUCT_BUNDLE_IDENTIFIER = "ManMadeMillenial.Carfax-tech-assessmentTests";
				PRODUCT_NAME = "$(TARGET_NAME)";
				SWIFT_EMIT_LOC_STRINGS = NO;
				SWIFT_VERSION = 5.0;
				TARGETED_DEVICE_FAMILY = "1,2";
				TEST_HOST = "$(BUILT_PRODUCTS_DIR)/Carfax-tech-assessment.app/Carfax-tech-assessment";
			};
			name = Release;
		};
		11A62EEE27DACF4C00005559 /* Debug */ = {
			isa = XCBuildConfiguration;
			buildSettings = {
				ALWAYS_EMBED_SWIFT_STANDARD_LIBRARIES = YES;
				CODE_SIGN_STYLE = Automatic;
				CURRENT_PROJECT_VERSION = 1;
				DEVELOPMENT_TEAM = TX86F6EBCJ;
				GENERATE_INFOPLIST_FILE = YES;
				MARKETING_VERSION = 1.0;
				PRODUCT_BUNDLE_IDENTIFIER = "ManMadeMillenial.Carfax-tech-assessmentUITests";
				PRODUCT_NAME = "$(TARGET_NAME)";
				SWIFT_EMIT_LOC_STRINGS = NO;
				SWIFT_VERSION = 5.0;
				TARGETED_DEVICE_FAMILY = "1,2";
				TEST_TARGET_NAME = "Carfax-tech-assessment";
			};
			name = Debug;
		};
		11A62EEF27DACF4C00005559 /* Release */ = {
			isa = XCBuildConfiguration;
			buildSettings = {
				ALWAYS_EMBED_SWIFT_STANDARD_LIBRARIES = YES;
				CODE_SIGN_STYLE = Automatic;
				CURRENT_PROJECT_VERSION = 1;
				DEVELOPMENT_TEAM = TX86F6EBCJ;
				GENERATE_INFOPLIST_FILE = YES;
				MARKETING_VERSION = 1.0;
				PRODUCT_BUNDLE_IDENTIFIER = "ManMadeMillenial.Carfax-tech-assessmentUITests";
				PRODUCT_NAME = "$(TARGET_NAME)";
				SWIFT_EMIT_LOC_STRINGS = NO;
				SWIFT_VERSION = 5.0;
				TARGETED_DEVICE_FAMILY = "1,2";
				TEST_TARGET_NAME = "Carfax-tech-assessment";
			};
			name = Release;
		};
/* End XCBuildConfiguration section */

/* Begin XCConfigurationList section */
		11A62EB827DACF4B00005559 /* Build configuration list for PBXProject "Carfax-tech-assessment" */ = {
			isa = XCConfigurationList;
			buildConfigurations = (
				11A62EE527DACF4C00005559 /* Debug */,
				11A62EE627DACF4C00005559 /* Release */,
			);
			defaultConfigurationIsVisible = 0;
			defaultConfigurationName = Release;
		};
		11A62EE727DACF4C00005559 /* Build configuration list for PBXNativeTarget "Carfax-tech-assessment" */ = {
			isa = XCConfigurationList;
			buildConfigurations = (
				11A62EE827DACF4C00005559 /* Debug */,
				11A62EE927DACF4C00005559 /* Release */,
			);
			defaultConfigurationIsVisible = 0;
			defaultConfigurationName = Release;
		};
		11A62EEA27DACF4C00005559 /* Build configuration list for PBXNativeTarget "Carfax-tech-assessmentTests" */ = {
			isa = XCConfigurationList;
			buildConfigurations = (
				11A62EEB27DACF4C00005559 /* Debug */,
				11A62EEC27DACF4C00005559 /* Release */,
			);
			defaultConfigurationIsVisible = 0;
			defaultConfigurationName = Release;
		};
		11A62EED27DACF4C00005559 /* Build configuration list for PBXNativeTarget "Carfax-tech-assessmentUITests" */ = {
			isa = XCConfigurationList;
			buildConfigurations = (
				11A62EEE27DACF4C00005559 /* Debug */,
				11A62EEF27DACF4C00005559 /* Release */,
			);
			defaultConfigurationIsVisible = 0;
			defaultConfigurationName = Release;
		};
/* End XCConfigurationList section */
	};
	rootObject = 11A62EB527DACF4B00005559 /* Project object */;
}
